# THIS IS AN AUTOGENERATED FILE. DO NOT EDIT THIS FILE DIRECTLY.
# yarn lockfile v1


cash-dom@^8.1.1:
  version "8.1.1"
  resolved "https://registry.yarnpkg.com/cash-dom/-/cash-dom-8.1.1.tgz#37f6ba46fc470a1efad5215eefc2515271949c60"
  integrity sha512-aMESow+8m7EuifAeNhpnRHQHN8O24gGeiR53lebD5ShBCisBCoB4y5BBe9pGXtTPP6b1qCp90W9HaaUARyc16Q==

dayjs@^1.10.5:
  version "1.10.5"
  resolved "https://registry.yarnpkg.com/dayjs/-/dayjs-1.10.5.tgz#5600df4548fc2453b3f163ebb2abbe965ccfb986"
  integrity sha512-BUFis41ikLz+65iH6LHQCDm4YPMj5r1YFLdupPIyM4SGcXMmtiLQ7U37i+hGS8urIuqe7I/ou3IS1jVc4nbN4g==

esbuild@^0.12.15:
  version "0.12.15"
  resolved "https://registry.yarnpkg.com/esbuild/-/esbuild-0.12.15.tgz#9d99cf39aeb2188265c5983e983e236829f08af0"
  integrity sha512-72V4JNd2+48eOVCXx49xoSWHgC3/cCy96e7mbXKY+WOWghN00cCmlGnwVLRhRHorvv0dgCyuMYBZlM2xDM5OQw==

howler@^2.2.1:
  version "2.2.1"
  resolved "https://registry.yarnpkg.com/howler/-/howler-2.2.1.tgz#a521a9b495841e8bb9aa12e651bebba0affc179e"
  integrity sha512-0iIXvuBO/81CcrQ/HSSweYmbT50fT2mIc9XMFb+kxIfk2pW/iKzDbX1n3fZmDXMEIpYvyyfrB+gXwPYSDqUxIQ==

prettier@^2.6.2:
  version "2.6.2"
  resolved "https://registry.yarnpkg.com/prettier/-/prettier-2.6.2.tgz#e26d71a18a74c3d0f0597f55f01fb6c06c206032"
  integrity sha512-PkUpF+qoXTqhOeWL9fu7As8LXsIUZ1WYaJiY/a7McAQzxjk82OF0tibkFXVCDImZtWxbvojFjerkiLb0/q8mew==

whatwg-fetch@^3.6.2:
  version "3.6.2"
  resolved "https://registry.yarnpkg.com/whatwg-fetch/-/whatwg-fetch-3.6.2.tgz#dced24f37f2624ed0281725d51d0e2e3fe677f8c"
  integrity sha512-bJlen0FcuU/0EMLrdbJ7zOnW6ITZLrZMIarMUVmdKtsGvZna8vxKYaexICWPfZ8qwf9fzNq+UEIZrnSaApt6RA==
